
Microsoft Visual Studio Solution File, Format Version 12.00
# Visual Studio Version 16
VisualStudioVersion = 16.0.32228.343
MinimumVisualStudioVersion = 10.0.40219.1
Project("{FAE04EC0-301F-11D3-BF4B-00C04F79EFBC}") = "04. Back In 30 Minutes", "04. Back In 30 Minutes.csproj", "{9DC7D8B7-F990-4B76-88F2-8D6F668E73E5}"
EndProject
Global
	GlobalSection(SolutionConfigurationPlatforms) = preSolution
		Debug|Any CPU = Debug|Any CPU
		Release|Any CPU = Release|Any CPU
	EndGlobalSection
	GlobalSection(ProjectConfigurationPlatforms) = postSolution
		{9DC7D8B7-F990-4B76-88F2-8D6F668E73E5}.Debug|Any CPU.ActiveCfg = Debug|Any CPU
		{9DC7D8B7-F990-4B76-88F2-8D6F668E73E5}.Debug|Any CPU.Build.0 = Debug|Any CPU
		{9DC7D8B7-F990-4B76-88F2-8D6F668E73E5}.Release|Any CPU.ActiveCfg = Release|Any CPU
		{9DC7D8B7-F990-4B76-88F2-8D6F668E73E5}.Release|Any CPU.Build.0 = Release|Any CPU
	EndGlobalSection
	GlobalSection(SolutionProperties) = preSolution
		HideSolutionNode = FALSE
	EndGlobalSection
	GlobalSection(ExtensibilityGlobals) = postSolution
		SolutionGuid = {CAD2E704-A211-4FAF-AF92-0B8CC4476750}
	EndGlobalSection
EndGlobal
