
Microsoft Visual Studio Solution File, Format Version 12.00
# Visual Studio Version 16
VisualStudioVersion = 16.0.32228.343
MinimumVisualStudioVersion = 10.0.40219.1
Project("{FAE04EC0-301F-11D3-BF4B-00C04F79EFBC}") = "06. Strong number", "06. Strong number.csproj", "{0382BB74-770B-4F15-8AD6-40980156A1C7}"
EndProject
Global
	GlobalSection(SolutionConfigurationPlatforms) = preSolution
		Debug|Any CPU = Debug|Any CPU
		Release|Any CPU = Release|Any CPU
	EndGlobalSection
	GlobalSection(ProjectConfigurationPlatforms) = postSolution
		{0382BB74-770B-4F15-8AD6-40980156A1C7}.Debug|Any CPU.ActiveCfg = Debug|Any CPU
		{0382BB74-770B-4F15-8AD6-40980156A1C7}.Debug|Any CPU.Build.0 = Debug|Any CPU
		{0382BB74-770B-4F15-8AD6-40980156A1C7}.Release|Any CPU.ActiveCfg = Release|Any CPU
		{0382BB74-770B-4F15-8AD6-40980156A1C7}.Release|Any CPU.Build.0 = Release|Any CPU
	EndGlobalSection
	GlobalSection(SolutionProperties) = preSolution
		HideSolutionNode = FALSE
	EndGlobalSection
	GlobalSection(ExtensibilityGlobals) = postSolution
		SolutionGuid = {05F9D3B5-59B7-4407-9D92-BDF1650E20FA}
	EndGlobalSection
EndGlobal
