
Microsoft Visual Studio Solution File, Format Version 12.00
# Visual Studio Version 16
VisualStudioVersion = 16.0.32228.343
MinimumVisualStudioVersion = 10.0.40219.1
Project("{FAE04EC0-301F-11D3-BF4B-00C04F79EFBC}") = "01. Advertisement Message", "01. Advertisement Message.csproj", "{FA6F42A6-AF6D-4CCC-B970-14587243C3C5}"
EndProject
Global
	GlobalSection(SolutionConfigurationPlatforms) = preSolution
		Debug|Any CPU = Debug|Any CPU
		Release|Any CPU = Release|Any CPU
	EndGlobalSection
	GlobalSection(ProjectConfigurationPlatforms) = postSolution
		{FA6F42A6-AF6D-4CCC-B970-14587243C3C5}.Debug|Any CPU.ActiveCfg = Debug|Any CPU
		{FA6F42A6-AF6D-4CCC-B970-14587243C3C5}.Debug|Any CPU.Build.0 = Debug|Any CPU
		{FA6F42A6-AF6D-4CCC-B970-14587243C3C5}.Release|Any CPU.ActiveCfg = Release|Any CPU
		{FA6F42A6-AF6D-4CCC-B970-14587243C3C5}.Release|Any CPU.Build.0 = Release|Any CPU
	EndGlobalSection
	GlobalSection(SolutionProperties) = preSolution
		HideSolutionNode = FALSE
	EndGlobalSection
	GlobalSection(ExtensibilityGlobals) = postSolution
		SolutionGuid = {E805EBE4-81C5-499C-99EA-ABBA27990537}
	EndGlobalSection
EndGlobal
