
Microsoft Visual Studio Solution File, Format Version 12.00
# Visual Studio Version 16
VisualStudioVersion = 16.0.32228.343
MinimumVisualStudioVersion = 10.0.40219.1
Project("{FAE04EC0-301F-11D3-BF4B-00C04F79EFBC}") = "08. Pet Shop", "08. Pet Shop.csproj", "{901162EB-C73A-4021-975A-8DD40EDB555F}"
EndProject
Global
	GlobalSection(SolutionConfigurationPlatforms) = preSolution
		Debug|Any CPU = Debug|Any CPU
		Release|Any CPU = Release|Any CPU
	EndGlobalSection
	GlobalSection(ProjectConfigurationPlatforms) = postSolution
		{901162EB-C73A-4021-975A-8DD40EDB555F}.Debug|Any CPU.ActiveCfg = Debug|Any CPU
		{901162EB-C73A-4021-975A-8DD40EDB555F}.Debug|Any CPU.Build.0 = Debug|Any CPU
		{901162EB-C73A-4021-975A-8DD40EDB555F}.Release|Any CPU.ActiveCfg = Release|Any CPU
		{901162EB-C73A-4021-975A-8DD40EDB555F}.Release|Any CPU.Build.0 = Release|Any CPU
	EndGlobalSection
	GlobalSection(SolutionProperties) = preSolution
		HideSolutionNode = FALSE
	EndGlobalSection
	GlobalSection(ExtensibilityGlobals) = postSolution
		SolutionGuid = {62B7A13F-A0CA-4572-AF22-DC76F9B8C76E}
	EndGlobalSection
EndGlobal
