
Microsoft Visual Studio Solution File, Format Version 12.00
# Visual Studio Version 16
VisualStudioVersion = 16.0.32228.343
MinimumVisualStudioVersion = 10.0.40219.1
Project("{FAE04EC0-301F-11D3-BF4B-00C04F79EFBC}") = "02. Race", "02. Race.csproj", "{7604811A-4EE7-4B84-A70B-FC39BFD06BDE}"
EndProject
Global
	GlobalSection(SolutionConfigurationPlatforms) = preSolution
		Debug|Any CPU = Debug|Any CPU
		Release|Any CPU = Release|Any CPU
	EndGlobalSection
	GlobalSection(ProjectConfigurationPlatforms) = postSolution
		{7604811A-4EE7-4B84-A70B-FC39BFD06BDE}.Debug|Any CPU.ActiveCfg = Debug|Any CPU
		{7604811A-4EE7-4B84-A70B-FC39BFD06BDE}.Debug|Any CPU.Build.0 = Debug|Any CPU
		{7604811A-4EE7-4B84-A70B-FC39BFD06BDE}.Release|Any CPU.ActiveCfg = Release|Any CPU
		{7604811A-4EE7-4B84-A70B-FC39BFD06BDE}.Release|Any CPU.Build.0 = Release|Any CPU
	EndGlobalSection
	GlobalSection(SolutionProperties) = preSolution
		HideSolutionNode = FALSE
	EndGlobalSection
	GlobalSection(ExtensibilityGlobals) = postSolution
		SolutionGuid = {D15C32F3-9204-4417-BAF7-6924B22D7089}
	EndGlobalSection
EndGlobal
