
Microsoft Visual Studio Solution File, Format Version 12.00
# Visual Studio Version 16
VisualStudioVersion = 16.0.32228.343
MinimumVisualStudioVersion = 10.0.40219.1
Project("{FAE04EC0-301F-11D3-BF4B-00C04F79EFBC}") = "08. Balanced Parenthesis", "08. Balanced Parenthesis.csproj", "{563A934B-A739-4979-B952-991008365C1F}"
EndProject
Global
	GlobalSection(SolutionConfigurationPlatforms) = preSolution
		Debug|Any CPU = Debug|Any CPU
		Release|Any CPU = Release|Any CPU
	EndGlobalSection
	GlobalSection(ProjectConfigurationPlatforms) = postSolution
		{563A934B-A739-4979-B952-991008365C1F}.Debug|Any CPU.ActiveCfg = Debug|Any CPU
		{563A934B-A739-4979-B952-991008365C1F}.Debug|Any CPU.Build.0 = Debug|Any CPU
		{563A934B-A739-4979-B952-991008365C1F}.Release|Any CPU.ActiveCfg = Release|Any CPU
		{563A934B-A739-4979-B952-991008365C1F}.Release|Any CPU.Build.0 = Release|Any CPU
	EndGlobalSection
	GlobalSection(SolutionProperties) = preSolution
		HideSolutionNode = FALSE
	EndGlobalSection
	GlobalSection(ExtensibilityGlobals) = postSolution
		SolutionGuid = {1D659928-800C-401D-921F-F67AE246A42F}
	EndGlobalSection
EndGlobal
