
Microsoft Visual Studio Solution File, Format Version 12.00
# Visual Studio Version 16
VisualStudioVersion = 16.0.32228.343
MinimumVisualStudioVersion = 10.0.40219.1
Project("{FAE04EC0-301F-11D3-BF4B-00C04F79EFBC}") = "08. Cinema Ticket", "08. Cinema Ticket.csproj", "{A7FE100A-E521-4FD5-9FD5-36641D6E0667}"
EndProject
Global
	GlobalSection(SolutionConfigurationPlatforms) = preSolution
		Debug|Any CPU = Debug|Any CPU
		Release|Any CPU = Release|Any CPU
	EndGlobalSection
	GlobalSection(ProjectConfigurationPlatforms) = postSolution
		{A7FE100A-E521-4FD5-9FD5-36641D6E0667}.Debug|Any CPU.ActiveCfg = Debug|Any CPU
		{A7FE100A-E521-4FD5-9FD5-36641D6E0667}.Debug|Any CPU.Build.0 = Debug|Any CPU
		{A7FE100A-E521-4FD5-9FD5-36641D6E0667}.Release|Any CPU.ActiveCfg = Release|Any CPU
		{A7FE100A-E521-4FD5-9FD5-36641D6E0667}.Release|Any CPU.Build.0 = Release|Any CPU
	EndGlobalSection
	GlobalSection(SolutionProperties) = preSolution
		HideSolutionNode = FALSE
	EndGlobalSection
	GlobalSection(ExtensibilityGlobals) = postSolution
		SolutionGuid = {6F64C147-9672-4424-BCE2-FCEEE3526639}
	EndGlobalSection
EndGlobal
