
Microsoft Visual Studio Solution File, Format Version 12.00
# Visual Studio Version 16
VisualStudioVersion = 16.0.32228.343
MinimumVisualStudioVersion = 10.0.40219.1
Project("{FAE04EC0-301F-11D3-BF4B-00C04F79EFBC}") = "07. Append Arrays", "07. Append Arrays.csproj", "{97211823-EE30-4038-82B9-47CCE3B3B8E5}"
EndProject
Global
	GlobalSection(SolutionConfigurationPlatforms) = preSolution
		Debug|Any CPU = Debug|Any CPU
		Release|Any CPU = Release|Any CPU
	EndGlobalSection
	GlobalSection(ProjectConfigurationPlatforms) = postSolution
		{97211823-EE30-4038-82B9-47CCE3B3B8E5}.Debug|Any CPU.ActiveCfg = Debug|Any CPU
		{97211823-EE30-4038-82B9-47CCE3B3B8E5}.Debug|Any CPU.Build.0 = Debug|Any CPU
		{97211823-EE30-4038-82B9-47CCE3B3B8E5}.Release|Any CPU.ActiveCfg = Release|Any CPU
		{97211823-EE30-4038-82B9-47CCE3B3B8E5}.Release|Any CPU.Build.0 = Release|Any CPU
	EndGlobalSection
	GlobalSection(SolutionProperties) = preSolution
		HideSolutionNode = FALSE
	EndGlobalSection
	GlobalSection(ExtensibilityGlobals) = postSolution
		SolutionGuid = {2C4DF1E6-A558-448B-93B0-5AB372AD428F}
	EndGlobalSection
EndGlobal
