
Microsoft Visual Studio Solution File, Format Version 12.00
# Visual Studio Version 16
VisualStudioVersion = 16.0.32228.343
MinimumVisualStudioVersion = 10.0.40219.1
Project("{FAE04EC0-301F-11D3-BF4B-00C04F79EFBC}") = "02. Mirror Words", "02. Mirror Words.csproj", "{007DD30D-E7ED-4872-B0D2-3206D2E8E833}"
EndProject
Global
	GlobalSection(SolutionConfigurationPlatforms) = preSolution
		Debug|Any CPU = Debug|Any CPU
		Release|Any CPU = Release|Any CPU
	EndGlobalSection
	GlobalSection(ProjectConfigurationPlatforms) = postSolution
		{007DD30D-E7ED-4872-B0D2-3206D2E8E833}.Debug|Any CPU.ActiveCfg = Debug|Any CPU
		{007DD30D-E7ED-4872-B0D2-3206D2E8E833}.Debug|Any CPU.Build.0 = Debug|Any CPU
		{007DD30D-E7ED-4872-B0D2-3206D2E8E833}.Release|Any CPU.ActiveCfg = Release|Any CPU
		{007DD30D-E7ED-4872-B0D2-3206D2E8E833}.Release|Any CPU.Build.0 = Release|Any CPU
	EndGlobalSection
	GlobalSection(SolutionProperties) = preSolution
		HideSolutionNode = FALSE
	EndGlobalSection
	GlobalSection(ExtensibilityGlobals) = postSolution
		SolutionGuid = {3F3286F0-BD69-4BD2-9905-4FABC7E51C20}
	EndGlobalSection
EndGlobal
