
Microsoft Visual Studio Solution File, Format Version 12.00
# Visual Studio Version 16
VisualStudioVersion = 16.0.32228.343
MinimumVisualStudioVersion = 10.0.40219.1
Project("{FAE04EC0-301F-11D3-BF4B-00C04F79EFBC}") = "10. Poke Mon", "10. Poke Mon.csproj", "{D3DE22CB-AEA4-4C68-A387-DC39C2952110}"
EndProject
Global
	GlobalSection(SolutionConfigurationPlatforms) = preSolution
		Debug|Any CPU = Debug|Any CPU
		Release|Any CPU = Release|Any CPU
	EndGlobalSection
	GlobalSection(ProjectConfigurationPlatforms) = postSolution
		{D3DE22CB-AEA4-4C68-A387-DC39C2952110}.Debug|Any CPU.ActiveCfg = Debug|Any CPU
		{D3DE22CB-AEA4-4C68-A387-DC39C2952110}.Debug|Any CPU.Build.0 = Debug|Any CPU
		{D3DE22CB-AEA4-4C68-A387-DC39C2952110}.Release|Any CPU.ActiveCfg = Release|Any CPU
		{D3DE22CB-AEA4-4C68-A387-DC39C2952110}.Release|Any CPU.Build.0 = Release|Any CPU
	EndGlobalSection
	GlobalSection(SolutionProperties) = preSolution
		HideSolutionNode = FALSE
	EndGlobalSection
	GlobalSection(ExtensibilityGlobals) = postSolution
		SolutionGuid = {CD18A676-A87B-4DA8-A550-CCCF327CA796}
	EndGlobalSection
EndGlobal
