
Microsoft Visual Studio Solution File, Format Version 12.00
# Visual Studio Version 16
VisualStudioVersion = 16.0.32228.343
MinimumVisualStudioVersion = 10.0.40219.1
Project("{9A19103F-16F7-4668-BE54-9A1E7A4F7556}") = "MusicHub", "MusicHub.csproj", "{A180AF55-361D-4D4B-A4E0-892AF5563213}"
EndProject
Global
	GlobalSection(SolutionConfigurationPlatforms) = preSolution
		Debug|Any CPU = Debug|Any CPU
		Release|Any CPU = Release|Any CPU
	EndGlobalSection
	GlobalSection(ProjectConfigurationPlatforms) = postSolution
		{A180AF55-361D-4D4B-A4E0-892AF5563213}.Debug|Any CPU.ActiveCfg = Debug|Any CPU
		{A180AF55-361D-4D4B-A4E0-892AF5563213}.Debug|Any CPU.Build.0 = Debug|Any CPU
		{A180AF55-361D-4D4B-A4E0-892AF5563213}.Release|Any CPU.ActiveCfg = Release|Any CPU
		{A180AF55-361D-4D4B-A4E0-892AF5563213}.Release|Any CPU.Build.0 = Release|Any CPU
	EndGlobalSection
	GlobalSection(SolutionProperties) = preSolution
		HideSolutionNode = FALSE
	EndGlobalSection
	GlobalSection(ExtensibilityGlobals) = postSolution
		SolutionGuid = {AD437993-1DE9-418B-815B-27EBCF464637}
	EndGlobalSection
EndGlobal
