
Microsoft Visual Studio Solution File, Format Version 12.00
# Visual Studio Version 16
VisualStudioVersion = 16.0.32228.343
MinimumVisualStudioVersion = 10.0.40219.1
Project("{9A19103F-16F7-4668-BE54-9A1E7A4F7556}") = "CarDealer", "CarDealer.csproj", "{B136BE22-E5C3-4CE9-87DA-56693F23AE4A}"
EndProject
Global
	GlobalSection(SolutionConfigurationPlatforms) = preSolution
		Debug|Any CPU = Debug|Any CPU
		Release|Any CPU = Release|Any CPU
	EndGlobalSection
	GlobalSection(ProjectConfigurationPlatforms) = postSolution
		{B136BE22-E5C3-4CE9-87DA-56693F23AE4A}.Debug|Any CPU.ActiveCfg = Debug|Any CPU
		{B136BE22-E5C3-4CE9-87DA-56693F23AE4A}.Debug|Any CPU.Build.0 = Debug|Any CPU
		{B136BE22-E5C3-4CE9-87DA-56693F23AE4A}.Release|Any CPU.ActiveCfg = Release|Any CPU
		{B136BE22-E5C3-4CE9-87DA-56693F23AE4A}.Release|Any CPU.Build.0 = Release|Any CPU
	EndGlobalSection
	GlobalSection(SolutionProperties) = preSolution
		HideSolutionNode = FALSE
	EndGlobalSection
	GlobalSection(ExtensibilityGlobals) = postSolution
		SolutionGuid = {E3EA776D-55F0-4575-9BA6-C7B1F11E44E8}
	EndGlobalSection
EndGlobal
