
Microsoft Visual Studio Solution File, Format Version 12.00
# Visual Studio Version 16
VisualStudioVersion = 16.0.32228.343
MinimumVisualStudioVersion = 10.0.40219.1
Project("{FAE04EC0-301F-11D3-BF4B-00C04F79EFBC}") = "05. Character Sequence", "05. Character Sequence.csproj", "{481E30FF-F987-49AA-A5D9-061E14E300BF}"
EndProject
Global
	GlobalSection(SolutionConfigurationPlatforms) = preSolution
		Debug|Any CPU = Debug|Any CPU
		Release|Any CPU = Release|Any CPU
	EndGlobalSection
	GlobalSection(ProjectConfigurationPlatforms) = postSolution
		{481E30FF-F987-49AA-A5D9-061E14E300BF}.Debug|Any CPU.ActiveCfg = Debug|Any CPU
		{481E30FF-F987-49AA-A5D9-061E14E300BF}.Debug|Any CPU.Build.0 = Debug|Any CPU
		{481E30FF-F987-49AA-A5D9-061E14E300BF}.Release|Any CPU.ActiveCfg = Release|Any CPU
		{481E30FF-F987-49AA-A5D9-061E14E300BF}.Release|Any CPU.Build.0 = Release|Any CPU
	EndGlobalSection
	GlobalSection(SolutionProperties) = preSolution
		HideSolutionNode = FALSE
	EndGlobalSection
	GlobalSection(ExtensibilityGlobals) = postSolution
		SolutionGuid = {DEF7AED0-E160-4347-8AE4-0960CC1493C7}
	EndGlobalSection
EndGlobal
