
Microsoft Visual Studio Solution File, Format Version 12.00
# Visual Studio Version 16
VisualStudioVersion = 16.0.32228.343
MinimumVisualStudioVersion = 10.0.40219.1
Project("{FAE04EC0-301F-11D3-BF4B-00C04F79EFBC}") = "03. Passed or Failed", "03. Passed or Failed.csproj", "{DAC20150-10BD-4DAB-A014-E6E3F236148F}"
EndProject
Global
	GlobalSection(SolutionConfigurationPlatforms) = preSolution
		Debug|Any CPU = Debug|Any CPU
		Release|Any CPU = Release|Any CPU
	EndGlobalSection
	GlobalSection(ProjectConfigurationPlatforms) = postSolution
		{DAC20150-10BD-4DAB-A014-E6E3F236148F}.Debug|Any CPU.ActiveCfg = Debug|Any CPU
		{DAC20150-10BD-4DAB-A014-E6E3F236148F}.Debug|Any CPU.Build.0 = Debug|Any CPU
		{DAC20150-10BD-4DAB-A014-E6E3F236148F}.Release|Any CPU.ActiveCfg = Release|Any CPU
		{DAC20150-10BD-4DAB-A014-E6E3F236148F}.Release|Any CPU.Build.0 = Release|Any CPU
	EndGlobalSection
	GlobalSection(SolutionProperties) = preSolution
		HideSolutionNode = FALSE
	EndGlobalSection
	GlobalSection(ExtensibilityGlobals) = postSolution
		SolutionGuid = {AD8E3FBB-A715-4C24-8F1C-E5FC53943092}
	EndGlobalSection
EndGlobal
