
Microsoft Visual Studio Solution File, Format Version 12.00
# Visual Studio Version 16
VisualStudioVersion = 16.0.32228.343
MinimumVisualStudioVersion = 10.0.40219.1
Project("{9A19103F-16F7-4668-BE54-9A1E7A4F7556}") = "CommandPattern", "CommandPattern.csproj", "{AE40F581-E6FB-4BC5-862C-51E898BDAA8D}"
EndProject
Global
	GlobalSection(SolutionConfigurationPlatforms) = preSolution
		Debug|Any CPU = Debug|Any CPU
		Release|Any CPU = Release|Any CPU
	EndGlobalSection
	GlobalSection(ProjectConfigurationPlatforms) = postSolution
		{AE40F581-E6FB-4BC5-862C-51E898BDAA8D}.Debug|Any CPU.ActiveCfg = Debug|Any CPU
		{AE40F581-E6FB-4BC5-862C-51E898BDAA8D}.Debug|Any CPU.Build.0 = Debug|Any CPU
		{AE40F581-E6FB-4BC5-862C-51E898BDAA8D}.Release|Any CPU.ActiveCfg = Release|Any CPU
		{AE40F581-E6FB-4BC5-862C-51E898BDAA8D}.Release|Any CPU.Build.0 = Release|Any CPU
	EndGlobalSection
	GlobalSection(SolutionProperties) = preSolution
		HideSolutionNode = FALSE
	EndGlobalSection
	GlobalSection(ExtensibilityGlobals) = postSolution
		SolutionGuid = {B951FA63-0F08-4463-82B7-1B48B85D5463}
	EndGlobalSection
EndGlobal
