
Microsoft Visual Studio Solution File, Format Version 12.00
# Visual Studio Version 16
VisualStudioVersion = 16.0.32228.343
MinimumVisualStudioVersion = 10.0.40219.1
Project("{9A19103F-16F7-4668-BE54-9A1E7A4F7556}") = "CarDealer", "CarDealer.csproj", "{91984499-8A4E-4E93-BE83-B125283E1855}"
EndProject
Global
	GlobalSection(SolutionConfigurationPlatforms) = preSolution
		Debug|Any CPU = Debug|Any CPU
		Release|Any CPU = Release|Any CPU
	EndGlobalSection
	GlobalSection(ProjectConfigurationPlatforms) = postSolution
		{91984499-8A4E-4E93-BE83-B125283E1855}.Debug|Any CPU.ActiveCfg = Debug|Any CPU
		{91984499-8A4E-4E93-BE83-B125283E1855}.Debug|Any CPU.Build.0 = Debug|Any CPU
		{91984499-8A4E-4E93-BE83-B125283E1855}.Release|Any CPU.ActiveCfg = Release|Any CPU
		{91984499-8A4E-4E93-BE83-B125283E1855}.Release|Any CPU.Build.0 = Release|Any CPU
	EndGlobalSection
	GlobalSection(SolutionProperties) = preSolution
		HideSolutionNode = FALSE
	EndGlobalSection
	GlobalSection(ExtensibilityGlobals) = postSolution
		SolutionGuid = {A1F069AC-2285-46AE-AAE2-65152DB34E15}
	EndGlobalSection
EndGlobal
