
Microsoft Visual Studio Solution File, Format Version 12.00
# Visual Studio Version 16
VisualStudioVersion = 16.0.32228.343
MinimumVisualStudioVersion = 10.0.40219.1
Project("{9A19103F-16F7-4668-BE54-9A1E7A4F7556}") = "ValidationAttributes", "ValidationAttributes.csproj", "{5C323F8F-2510-4D4F-8D0B-DEF9267EE7DD}"
EndProject
Global
	GlobalSection(SolutionConfigurationPlatforms) = preSolution
		Debug|Any CPU = Debug|Any CPU
		Release|Any CPU = Release|Any CPU
	EndGlobalSection
	GlobalSection(ProjectConfigurationPlatforms) = postSolution
		{5C323F8F-2510-4D4F-8D0B-DEF9267EE7DD}.Debug|Any CPU.ActiveCfg = Debug|Any CPU
		{5C323F8F-2510-4D4F-8D0B-DEF9267EE7DD}.Debug|Any CPU.Build.0 = Debug|Any CPU
		{5C323F8F-2510-4D4F-8D0B-DEF9267EE7DD}.Release|Any CPU.ActiveCfg = Release|Any CPU
		{5C323F8F-2510-4D4F-8D0B-DEF9267EE7DD}.Release|Any CPU.Build.0 = Release|Any CPU
	EndGlobalSection
	GlobalSection(SolutionProperties) = preSolution
		HideSolutionNode = FALSE
	EndGlobalSection
	GlobalSection(ExtensibilityGlobals) = postSolution
		SolutionGuid = {5D74BCB9-520F-4854-BE4A-C5BD2E8D9754}
	EndGlobalSection
EndGlobal
