
Microsoft Visual Studio Solution File, Format Version 12.00
# Visual Studio Version 16
VisualStudioVersion = 16.0.32228.343
MinimumVisualStudioVersion = 10.0.40219.1
Project("{9A19103F-16F7-4668-BE54-9A1E7A4F7556}") = "ProductShop", "ProductShop.csproj", "{63B80101-9DBB-4BA6-BEB9-3252DE2DD70B}"
EndProject
Global
	GlobalSection(SolutionConfigurationPlatforms) = preSolution
		Debug|Any CPU = Debug|Any CPU
		Release|Any CPU = Release|Any CPU
	EndGlobalSection
	GlobalSection(ProjectConfigurationPlatforms) = postSolution
		{63B80101-9DBB-4BA6-BEB9-3252DE2DD70B}.Debug|Any CPU.ActiveCfg = Debug|Any CPU
		{63B80101-9DBB-4BA6-BEB9-3252DE2DD70B}.Debug|Any CPU.Build.0 = Debug|Any CPU
		{63B80101-9DBB-4BA6-BEB9-3252DE2DD70B}.Release|Any CPU.ActiveCfg = Release|Any CPU
		{63B80101-9DBB-4BA6-BEB9-3252DE2DD70B}.Release|Any CPU.Build.0 = Release|Any CPU
	EndGlobalSection
	GlobalSection(SolutionProperties) = preSolution
		HideSolutionNode = FALSE
	EndGlobalSection
	GlobalSection(ExtensibilityGlobals) = postSolution
		SolutionGuid = {5852B112-B3E3-4948-9697-E75EB2CC4357}
	EndGlobalSection
EndGlobal
