
Microsoft Visual Studio Solution File, Format Version 12.00
# Visual Studio Version 16
VisualStudioVersion = 16.0.32228.343
MinimumVisualStudioVersion = 10.0.40219.1
Project("{FAE04EC0-301F-11D3-BF4B-00C04F79EFBC}") = "04. Orders", "04. Orders.csproj", "{C51EA1EC-C700-4B57-A5CA-D993D5CEB8F4}"
EndProject
Global
	GlobalSection(SolutionConfigurationPlatforms) = preSolution
		Debug|Any CPU = Debug|Any CPU
		Release|Any CPU = Release|Any CPU
	EndGlobalSection
	GlobalSection(ProjectConfigurationPlatforms) = postSolution
		{C51EA1EC-C700-4B57-A5CA-D993D5CEB8F4}.Debug|Any CPU.ActiveCfg = Debug|Any CPU
		{C51EA1EC-C700-4B57-A5CA-D993D5CEB8F4}.Debug|Any CPU.Build.0 = Debug|Any CPU
		{C51EA1EC-C700-4B57-A5CA-D993D5CEB8F4}.Release|Any CPU.ActiveCfg = Release|Any CPU
		{C51EA1EC-C700-4B57-A5CA-D993D5CEB8F4}.Release|Any CPU.Build.0 = Release|Any CPU
	EndGlobalSection
	GlobalSection(SolutionProperties) = preSolution
		HideSolutionNode = FALSE
	EndGlobalSection
	GlobalSection(ExtensibilityGlobals) = postSolution
		SolutionGuid = {CC47AEF7-FF84-4F3B-AB31-264174279413}
	EndGlobalSection
EndGlobal
