
Microsoft Visual Studio Solution File, Format Version 12.00
# Visual Studio Version 16
VisualStudioVersion = 16.0.32228.343
MinimumVisualStudioVersion = 10.0.40219.1
Project("{FAE04EC0-301F-11D3-BF4B-00C04F79EFBC}") = "02. Greater Number", "02. Greater Number.csproj", "{BB4E3D5A-5B60-4BF2-8EB7-C7DEB8A2A35E}"
EndProject
Global
	GlobalSection(SolutionConfigurationPlatforms) = preSolution
		Debug|Any CPU = Debug|Any CPU
		Release|Any CPU = Release|Any CPU
	EndGlobalSection
	GlobalSection(ProjectConfigurationPlatforms) = postSolution
		{BB4E3D5A-5B60-4BF2-8EB7-C7DEB8A2A35E}.Debug|Any CPU.ActiveCfg = Debug|Any CPU
		{BB4E3D5A-5B60-4BF2-8EB7-C7DEB8A2A35E}.Debug|Any CPU.Build.0 = Debug|Any CPU
		{BB4E3D5A-5B60-4BF2-8EB7-C7DEB8A2A35E}.Release|Any CPU.ActiveCfg = Release|Any CPU
		{BB4E3D5A-5B60-4BF2-8EB7-C7DEB8A2A35E}.Release|Any CPU.Build.0 = Release|Any CPU
	EndGlobalSection
	GlobalSection(SolutionProperties) = preSolution
		HideSolutionNode = FALSE
	EndGlobalSection
	GlobalSection(ExtensibilityGlobals) = postSolution
		SolutionGuid = {B7C6B7F1-21CA-4FEF-A3B6-243137A91C8E}
	EndGlobalSection
EndGlobal
