
Microsoft Visual Studio Solution File, Format Version 12.00
# Visual Studio Version 16
VisualStudioVersion = 16.0.32228.343
MinimumVisualStudioVersion = 10.0.40219.1
Project("{FAE04EC0-301F-11D3-BF4B-00C04F79EFBC}") = "08. On Time for the Exam", "08. On Time for the Exam.csproj", "{47D8C7C2-99BD-4363-BD7D-EA697388A752}"
EndProject
Global
	GlobalSection(SolutionConfigurationPlatforms) = preSolution
		Debug|Any CPU = Debug|Any CPU
		Release|Any CPU = Release|Any CPU
	EndGlobalSection
	GlobalSection(ProjectConfigurationPlatforms) = postSolution
		{47D8C7C2-99BD-4363-BD7D-EA697388A752}.Debug|Any CPU.ActiveCfg = Debug|Any CPU
		{47D8C7C2-99BD-4363-BD7D-EA697388A752}.Debug|Any CPU.Build.0 = Debug|Any CPU
		{47D8C7C2-99BD-4363-BD7D-EA697388A752}.Release|Any CPU.ActiveCfg = Release|Any CPU
		{47D8C7C2-99BD-4363-BD7D-EA697388A752}.Release|Any CPU.Build.0 = Release|Any CPU
	EndGlobalSection
	GlobalSection(SolutionProperties) = preSolution
		HideSolutionNode = FALSE
	EndGlobalSection
	GlobalSection(ExtensibilityGlobals) = postSolution
		SolutionGuid = {E43B7AF0-75DD-445C-B158-366A1C0A339E}
	EndGlobalSection
EndGlobal
