
Microsoft Visual Studio Solution File, Format Version 12.00
# Visual Studio Version 16
VisualStudioVersion = 16.0.32228.343
MinimumVisualStudioVersion = 10.0.40219.1
Project("{FAE04EC0-301F-11D3-BF4B-00C04F79EFBC}") = "08. SoftUni Party", "08. SoftUni Party.csproj", "{DDD5C88C-8EA0-4315-A321-9B3E665B40EC}"
EndProject
Global
	GlobalSection(SolutionConfigurationPlatforms) = preSolution
		Debug|Any CPU = Debug|Any CPU
		Release|Any CPU = Release|Any CPU
	EndGlobalSection
	GlobalSection(ProjectConfigurationPlatforms) = postSolution
		{DDD5C88C-8EA0-4315-A321-9B3E665B40EC}.Debug|Any CPU.ActiveCfg = Debug|Any CPU
		{DDD5C88C-8EA0-4315-A321-9B3E665B40EC}.Debug|Any CPU.Build.0 = Debug|Any CPU
		{DDD5C88C-8EA0-4315-A321-9B3E665B40EC}.Release|Any CPU.ActiveCfg = Release|Any CPU
		{DDD5C88C-8EA0-4315-A321-9B3E665B40EC}.Release|Any CPU.Build.0 = Release|Any CPU
	EndGlobalSection
	GlobalSection(SolutionProperties) = preSolution
		HideSolutionNode = FALSE
	EndGlobalSection
	GlobalSection(ExtensibilityGlobals) = postSolution
		SolutionGuid = {9BBD0E3D-AD09-4B98-AB7F-25F04B1AD6ED}
	EndGlobalSection
EndGlobal
