
Microsoft Visual Studio Solution File, Format Version 12.00
# Visual Studio Version 16
VisualStudioVersion = 16.0.32228.343
MinimumVisualStudioVersion = 10.0.40219.1
Project("{FAE04EC0-301F-11D3-BF4B-00C04F79EFBC}") = "03. Word Synonyms", "03. Word Synonyms.csproj", "{18884D56-59C4-4481-9F96-C0F8A0E9896F}"
EndProject
Global
	GlobalSection(SolutionConfigurationPlatforms) = preSolution
		Debug|Any CPU = Debug|Any CPU
		Release|Any CPU = Release|Any CPU
	EndGlobalSection
	GlobalSection(ProjectConfigurationPlatforms) = postSolution
		{18884D56-59C4-4481-9F96-C0F8A0E9896F}.Debug|Any CPU.ActiveCfg = Debug|Any CPU
		{18884D56-59C4-4481-9F96-C0F8A0E9896F}.Debug|Any CPU.Build.0 = Debug|Any CPU
		{18884D56-59C4-4481-9F96-C0F8A0E9896F}.Release|Any CPU.ActiveCfg = Release|Any CPU
		{18884D56-59C4-4481-9F96-C0F8A0E9896F}.Release|Any CPU.Build.0 = Release|Any CPU
	EndGlobalSection
	GlobalSection(SolutionProperties) = preSolution
		HideSolutionNode = FALSE
	EndGlobalSection
	GlobalSection(ExtensibilityGlobals) = postSolution
		SolutionGuid = {EE2B127C-8C34-4609-B598-D4676EC10C30}
	EndGlobalSection
EndGlobal
