
Microsoft Visual Studio Solution File, Format Version 12.00
# Visual Studio Version 16
VisualStudioVersion = 16.0.32228.343
MinimumVisualStudioVersion = 10.0.40219.1
Project("{FAE04EC0-301F-11D3-BF4B-00C04F79EFBC}") = "04. Sum of Two Numbers", "04. Sum of Two Numbers.csproj", "{1C71528F-7AC3-4D38-BCB6-F442D0CF252B}"
EndProject
Global
	GlobalSection(SolutionConfigurationPlatforms) = preSolution
		Debug|Any CPU = Debug|Any CPU
		Release|Any CPU = Release|Any CPU
	EndGlobalSection
	GlobalSection(ProjectConfigurationPlatforms) = postSolution
		{1C71528F-7AC3-4D38-BCB6-F442D0CF252B}.Debug|Any CPU.ActiveCfg = Debug|Any CPU
		{1C71528F-7AC3-4D38-BCB6-F442D0CF252B}.Debug|Any CPU.Build.0 = Debug|Any CPU
		{1C71528F-7AC3-4D38-BCB6-F442D0CF252B}.Release|Any CPU.ActiveCfg = Release|Any CPU
		{1C71528F-7AC3-4D38-BCB6-F442D0CF252B}.Release|Any CPU.Build.0 = Release|Any CPU
	EndGlobalSection
	GlobalSection(SolutionProperties) = preSolution
		HideSolutionNode = FALSE
	EndGlobalSection
	GlobalSection(ExtensibilityGlobals) = postSolution
		SolutionGuid = {1ED8BCA8-DC0F-4BC3-AA97-8832DC2C2428}
	EndGlobalSection
EndGlobal
