
Microsoft Visual Studio Solution File, Format Version 12.00
# Visual Studio Version 16
VisualStudioVersion = 16.0.32228.343
MinimumVisualStudioVersion = 10.0.40219.1
Project("{FAE04EC0-301F-11D3-BF4B-00C04F79EFBC}") = "04. Fishing Boat", "04. Fishing Boat.csproj", "{BDF45D77-6EFD-4059-9C8E-3444FCAA38B6}"
EndProject
Global
	GlobalSection(SolutionConfigurationPlatforms) = preSolution
		Debug|Any CPU = Debug|Any CPU
		Release|Any CPU = Release|Any CPU
	EndGlobalSection
	GlobalSection(ProjectConfigurationPlatforms) = postSolution
		{BDF45D77-6EFD-4059-9C8E-3444FCAA38B6}.Debug|Any CPU.ActiveCfg = Debug|Any CPU
		{BDF45D77-6EFD-4059-9C8E-3444FCAA38B6}.Debug|Any CPU.Build.0 = Debug|Any CPU
		{BDF45D77-6EFD-4059-9C8E-3444FCAA38B6}.Release|Any CPU.ActiveCfg = Release|Any CPU
		{BDF45D77-6EFD-4059-9C8E-3444FCAA38B6}.Release|Any CPU.Build.0 = Release|Any CPU
	EndGlobalSection
	GlobalSection(SolutionProperties) = preSolution
		HideSolutionNode = FALSE
	EndGlobalSection
	GlobalSection(ExtensibilityGlobals) = postSolution
		SolutionGuid = {8FD264CE-1D36-4DBF-969D-C8B70B15327B}
	EndGlobalSection
EndGlobal
