
Microsoft Visual Studio Solution File, Format Version 12.00
# Visual Studio Version 16
VisualStudioVersion = 16.0.31410.357
MinimumVisualStudioVersion = 10.0.40219.1
Project("{FAE04EC0-301F-11D3-BF4B-00C04F79EFBC}") = "CustomList", "ImplementingStackAndQueue\CustomList.csproj", "{AE9A4745-9251-4CDA-9BED-8114E8499E04}"
EndProject
Global
	GlobalSection(SolutionConfigurationPlatforms) = preSolution
		Debug|Any CPU = Debug|Any CPU
		Release|Any CPU = Release|Any CPU
	EndGlobalSection
	GlobalSection(ProjectConfigurationPlatforms) = postSolution
		{AE9A4745-9251-4CDA-9BED-8114E8499E04}.Debug|Any CPU.ActiveCfg = Debug|Any CPU
		{AE9A4745-9251-4CDA-9BED-8114E8499E04}.Debug|Any CPU.Build.0 = Debug|Any CPU
		{AE9A4745-9251-4CDA-9BED-8114E8499E04}.Release|Any CPU.ActiveCfg = Release|Any CPU
		{AE9A4745-9251-4CDA-9BED-8114E8499E04}.Release|Any CPU.Build.0 = Release|Any CPU
	EndGlobalSection
	GlobalSection(SolutionProperties) = preSolution
		HideSolutionNode = FALSE
	EndGlobalSection
	GlobalSection(ExtensibilityGlobals) = postSolution
		SolutionGuid = {2F1E50E4-8893-4217-BC7E-64E6AC31B3A8}
	EndGlobalSection
EndGlobal
