
Microsoft Visual Studio Solution File, Format Version 12.00
# Visual Studio Version 16
VisualStudioVersion = 16.0.31729.503
MinimumVisualStudioVersion = 10.0.40219.1
Project("{FAE04EC0-301F-11D3-BF4B-00C04F79EFBC}") = "PersonInfo", "PersonInfo.csproj", "{15769CF1-1C70-4E1C-8AC7-C509A81DD711}"
EndProject
Global
	GlobalSection(SolutionConfigurationPlatforms) = preSolution
		Debug|Any CPU = Debug|Any CPU
		Release|Any CPU = Release|Any CPU
	EndGlobalSection
	GlobalSection(ProjectConfigurationPlatforms) = postSolution
		{15769CF1-1C70-4E1C-8AC7-C509A81DD711}.Debug|Any CPU.ActiveCfg = Debug|Any CPU
		{15769CF1-1C70-4E1C-8AC7-C509A81DD711}.Debug|Any CPU.Build.0 = Debug|Any CPU
		{15769CF1-1C70-4E1C-8AC7-C509A81DD711}.Release|Any CPU.ActiveCfg = Release|Any CPU
		{15769CF1-1C70-4E1C-8AC7-C509A81DD711}.Release|Any CPU.Build.0 = Release|Any CPU
	EndGlobalSection
	GlobalSection(SolutionProperties) = preSolution
		HideSolutionNode = FALSE
	EndGlobalSection
	GlobalSection(ExtensibilityGlobals) = postSolution
		SolutionGuid = {13C694A5-39E1-4573-949C-A4A75DE7CC7E}
	EndGlobalSection
EndGlobal
