
Microsoft Visual Studio Solution File, Format Version 12.00
# Visual Studio Version 16
VisualStudioVersion = 16.0.32228.343
MinimumVisualStudioVersion = 10.0.40219.1
Project("{FAE04EC0-301F-11D3-BF4B-00C04F79EFBC}") = "05. Small Shop", "05. Small Shop.csproj", "{2183D026-854A-4FDB-8150-2F5EA6C404EC}"
EndProject
Global
	GlobalSection(SolutionConfigurationPlatforms) = preSolution
		Debug|Any CPU = Debug|Any CPU
		Release|Any CPU = Release|Any CPU
	EndGlobalSection
	GlobalSection(ProjectConfigurationPlatforms) = postSolution
		{2183D026-854A-4FDB-8150-2F5EA6C404EC}.Debug|Any CPU.ActiveCfg = Debug|Any CPU
		{2183D026-854A-4FDB-8150-2F5EA6C404EC}.Debug|Any CPU.Build.0 = Debug|Any CPU
		{2183D026-854A-4FDB-8150-2F5EA6C404EC}.Release|Any CPU.ActiveCfg = Release|Any CPU
		{2183D026-854A-4FDB-8150-2F5EA6C404EC}.Release|Any CPU.Build.0 = Release|Any CPU
	EndGlobalSection
	GlobalSection(SolutionProperties) = preSolution
		HideSolutionNode = FALSE
	EndGlobalSection
	GlobalSection(ExtensibilityGlobals) = postSolution
		SolutionGuid = {457E6948-5947-4A47-9BB9-511960DA4C5D}
	EndGlobalSection
EndGlobal
