
Microsoft Visual Studio Solution File, Format Version 12.00
# Visual Studio Version 16
VisualStudioVersion = 16.0.32228.343
MinimumVisualStudioVersion = 10.0.40219.1
Project("{FAE04EC0-301F-11D3-BF4B-00C04F79EFBC}") = "02. Bonus Score", "02. Bonus Score.csproj", "{282D1966-6BD1-4A0E-A57C-A10C80069CD3}"
EndProject
Global
	GlobalSection(SolutionConfigurationPlatforms) = preSolution
		Debug|Any CPU = Debug|Any CPU
		Release|Any CPU = Release|Any CPU
	EndGlobalSection
	GlobalSection(ProjectConfigurationPlatforms) = postSolution
		{282D1966-6BD1-4A0E-A57C-A10C80069CD3}.Debug|Any CPU.ActiveCfg = Debug|Any CPU
		{282D1966-6BD1-4A0E-A57C-A10C80069CD3}.Debug|Any CPU.Build.0 = Debug|Any CPU
		{282D1966-6BD1-4A0E-A57C-A10C80069CD3}.Release|Any CPU.ActiveCfg = Release|Any CPU
		{282D1966-6BD1-4A0E-A57C-A10C80069CD3}.Release|Any CPU.Build.0 = Release|Any CPU
	EndGlobalSection
	GlobalSection(SolutionProperties) = preSolution
		HideSolutionNode = FALSE
	EndGlobalSection
	GlobalSection(ExtensibilityGlobals) = postSolution
		SolutionGuid = {8A52475D-83DC-4C07-8020-5F9AE311D49F}
	EndGlobalSection
EndGlobal
