
Microsoft Visual Studio Solution File, Format Version 12.00
# Visual Studio Version 16
VisualStudioVersion = 16.0.32228.343
MinimumVisualStudioVersion = 10.0.40219.1
Project("{FAE04EC0-301F-11D3-BF4B-00C04F79EFBC}") = "4. Matching Brackets", "4. Matching Brackets.csproj", "{BFB9430F-681F-49E3-B4D0-6DFDE302D2BC}"
EndProject
Global
	GlobalSection(SolutionConfigurationPlatforms) = preSolution
		Debug|Any CPU = Debug|Any CPU
		Release|Any CPU = Release|Any CPU
	EndGlobalSection
	GlobalSection(ProjectConfigurationPlatforms) = postSolution
		{BFB9430F-681F-49E3-B4D0-6DFDE302D2BC}.Debug|Any CPU.ActiveCfg = Debug|Any CPU
		{BFB9430F-681F-49E3-B4D0-6DFDE302D2BC}.Debug|Any CPU.Build.0 = Debug|Any CPU
		{BFB9430F-681F-49E3-B4D0-6DFDE302D2BC}.Release|Any CPU.ActiveCfg = Release|Any CPU
		{BFB9430F-681F-49E3-B4D0-6DFDE302D2BC}.Release|Any CPU.Build.0 = Release|Any CPU
	EndGlobalSection
	GlobalSection(SolutionProperties) = preSolution
		HideSolutionNode = FALSE
	EndGlobalSection
	GlobalSection(ExtensibilityGlobals) = postSolution
		SolutionGuid = {F88C2944-BA9B-4478-A637-726663E388C7}
	EndGlobalSection
EndGlobal
