
Microsoft Visual Studio Solution File, Format Version 12.00
# Visual Studio Version 16
VisualStudioVersion = 16.0.32228.343
MinimumVisualStudioVersion = 10.0.40219.1
Project("{FAE04EC0-301F-11D3-BF4B-00C04F79EFBC}") = "11. Array Manipulator", "11. Array Manipulator.csproj", "{B20BED12-F48A-407D-8B78-78FB191BED69}"
EndProject
Global
	GlobalSection(SolutionConfigurationPlatforms) = preSolution
		Debug|Any CPU = Debug|Any CPU
		Release|Any CPU = Release|Any CPU
	EndGlobalSection
	GlobalSection(ProjectConfigurationPlatforms) = postSolution
		{B20BED12-F48A-407D-8B78-78FB191BED69}.Debug|Any CPU.ActiveCfg = Debug|Any CPU
		{B20BED12-F48A-407D-8B78-78FB191BED69}.Debug|Any CPU.Build.0 = Debug|Any CPU
		{B20BED12-F48A-407D-8B78-78FB191BED69}.Release|Any CPU.ActiveCfg = Release|Any CPU
		{B20BED12-F48A-407D-8B78-78FB191BED69}.Release|Any CPU.Build.0 = Release|Any CPU
	EndGlobalSection
	GlobalSection(SolutionProperties) = preSolution
		HideSolutionNode = FALSE
	EndGlobalSection
	GlobalSection(ExtensibilityGlobals) = postSolution
		SolutionGuid = {8D15EA6F-FDBB-4E69-AFEF-C1C5368E9DD0}
	EndGlobalSection
EndGlobal
