
Microsoft Visual Studio Solution File, Format Version 12.00
# Visual Studio Version 16
VisualStudioVersion = 16.0.32228.343
MinimumVisualStudioVersion = 10.0.40219.1
Project("{FAE04EC0-301F-11D3-BF4B-00C04F79EFBC}") = "03. Heroes of Code and Logic VII", "03. Heroes of Code and Logic VII.csproj", "{D6F64EA8-4045-4DD2-872F-51F42B0E64CD}"
EndProject
Global
	GlobalSection(SolutionConfigurationPlatforms) = preSolution
		Debug|Any CPU = Debug|Any CPU
		Release|Any CPU = Release|Any CPU
	EndGlobalSection
	GlobalSection(ProjectConfigurationPlatforms) = postSolution
		{D6F64EA8-4045-4DD2-872F-51F42B0E64CD}.Debug|Any CPU.ActiveCfg = Debug|Any CPU
		{D6F64EA8-4045-4DD2-872F-51F42B0E64CD}.Debug|Any CPU.Build.0 = Debug|Any CPU
		{D6F64EA8-4045-4DD2-872F-51F42B0E64CD}.Release|Any CPU.ActiveCfg = Release|Any CPU
		{D6F64EA8-4045-4DD2-872F-51F42B0E64CD}.Release|Any CPU.Build.0 = Release|Any CPU
	EndGlobalSection
	GlobalSection(SolutionProperties) = preSolution
		HideSolutionNode = FALSE
	EndGlobalSection
	GlobalSection(ExtensibilityGlobals) = postSolution
		SolutionGuid = {08DDE24C-B8A9-47BD-859E-CFB6BF118401}
	EndGlobalSection
EndGlobal
