
Microsoft Visual Studio Solution File, Format Version 12.00
# Visual Studio Version 16
VisualStudioVersion = 16.0.32228.343
MinimumVisualStudioVersion = 10.0.40219.1
Project("{FAE04EC0-301F-11D3-BF4B-00C04F79EFBC}") = "09. Yard Greening", "09. Yard Greening.csproj", "{2C099C4A-76EB-4A43-BBEB-0CB60BE4228F}"
EndProject
Global
	GlobalSection(SolutionConfigurationPlatforms) = preSolution
		Debug|Any CPU = Debug|Any CPU
		Release|Any CPU = Release|Any CPU
	EndGlobalSection
	GlobalSection(ProjectConfigurationPlatforms) = postSolution
		{2C099C4A-76EB-4A43-BBEB-0CB60BE4228F}.Debug|Any CPU.ActiveCfg = Debug|Any CPU
		{2C099C4A-76EB-4A43-BBEB-0CB60BE4228F}.Debug|Any CPU.Build.0 = Debug|Any CPU
		{2C099C4A-76EB-4A43-BBEB-0CB60BE4228F}.Release|Any CPU.ActiveCfg = Release|Any CPU
		{2C099C4A-76EB-4A43-BBEB-0CB60BE4228F}.Release|Any CPU.Build.0 = Release|Any CPU
	EndGlobalSection
	GlobalSection(SolutionProperties) = preSolution
		HideSolutionNode = FALSE
	EndGlobalSection
	GlobalSection(ExtensibilityGlobals) = postSolution
		SolutionGuid = {4C4B5A64-6E9C-40F2-9251-1C6F9DC74356}
	EndGlobalSection
EndGlobal
