
Microsoft Visual Studio Solution File, Format Version 12.00
# Visual Studio Version 16
VisualStudioVersion = 16.0.32228.343
MinimumVisualStudioVersion = 10.0.40219.1
Project("{FAE04EC0-301F-11D3-BF4B-00C04F79EFBC}") = "05. Special Numbers", "05. Special Numbers.csproj", "{04A0B8BD-57EA-4E63-890A-6B80446A6849}"
EndProject
Global
	GlobalSection(SolutionConfigurationPlatforms) = preSolution
		Debug|Any CPU = Debug|Any CPU
		Release|Any CPU = Release|Any CPU
	EndGlobalSection
	GlobalSection(ProjectConfigurationPlatforms) = postSolution
		{04A0B8BD-57EA-4E63-890A-6B80446A6849}.Debug|Any CPU.ActiveCfg = Debug|Any CPU
		{04A0B8BD-57EA-4E63-890A-6B80446A6849}.Debug|Any CPU.Build.0 = Debug|Any CPU
		{04A0B8BD-57EA-4E63-890A-6B80446A6849}.Release|Any CPU.ActiveCfg = Release|Any CPU
		{04A0B8BD-57EA-4E63-890A-6B80446A6849}.Release|Any CPU.Build.0 = Release|Any CPU
	EndGlobalSection
	GlobalSection(SolutionProperties) = preSolution
		HideSolutionNode = FALSE
	EndGlobalSection
	GlobalSection(ExtensibilityGlobals) = postSolution
		SolutionGuid = {062F1BEF-B33C-4EF8-8C74-2093B450EF61}
	EndGlobalSection
EndGlobal
