
Microsoft Visual Studio Solution File, Format Version 12.00
# Visual Studio Version 16
VisualStudioVersion = 16.0.32228.343
MinimumVisualStudioVersion = 10.0.40219.1
Project("{FAE04EC0-301F-11D3-BF4B-00C04F79EFBC}") = "06. Triples of Latin Letters", "06. Triples of Latin Letters.csproj", "{3AF57D69-1655-49D9-9736-A45F7C2E0F94}"
EndProject
Global
	GlobalSection(SolutionConfigurationPlatforms) = preSolution
		Debug|Any CPU = Debug|Any CPU
		Release|Any CPU = Release|Any CPU
	EndGlobalSection
	GlobalSection(ProjectConfigurationPlatforms) = postSolution
		{3AF57D69-1655-49D9-9736-A45F7C2E0F94}.Debug|Any CPU.ActiveCfg = Debug|Any CPU
		{3AF57D69-1655-49D9-9736-A45F7C2E0F94}.Debug|Any CPU.Build.0 = Debug|Any CPU
		{3AF57D69-1655-49D9-9736-A45F7C2E0F94}.Release|Any CPU.ActiveCfg = Release|Any CPU
		{3AF57D69-1655-49D9-9736-A45F7C2E0F94}.Release|Any CPU.Build.0 = Release|Any CPU
	EndGlobalSection
	GlobalSection(SolutionProperties) = preSolution
		HideSolutionNode = FALSE
	EndGlobalSection
	GlobalSection(ExtensibilityGlobals) = postSolution
		SolutionGuid = {358FC77E-F3FC-450B-AF5E-E2A6C96EBF8D}
	EndGlobalSection
EndGlobal
