
Microsoft Visual Studio Solution File, Format Version 12.00
# Visual Studio Version 16
VisualStudioVersion = 16.0.32228.343
MinimumVisualStudioVersion = 10.0.40219.1
Project("{FAE04EC0-301F-11D3-BF4B-00C04F79EFBC}") = "7. Knight Game", "7. Knight Game.csproj", "{66301AC4-9445-4C40-965F-C2106AB76A80}"
EndProject
Global
	GlobalSection(SolutionConfigurationPlatforms) = preSolution
		Debug|Any CPU = Debug|Any CPU
		Release|Any CPU = Release|Any CPU
	EndGlobalSection
	GlobalSection(ProjectConfigurationPlatforms) = postSolution
		{66301AC4-9445-4C40-965F-C2106AB76A80}.Debug|Any CPU.ActiveCfg = Debug|Any CPU
		{66301AC4-9445-4C40-965F-C2106AB76A80}.Debug|Any CPU.Build.0 = Debug|Any CPU
		{66301AC4-9445-4C40-965F-C2106AB76A80}.Release|Any CPU.ActiveCfg = Release|Any CPU
		{66301AC4-9445-4C40-965F-C2106AB76A80}.Release|Any CPU.Build.0 = Release|Any CPU
	EndGlobalSection
	GlobalSection(SolutionProperties) = preSolution
		HideSolutionNode = FALSE
	EndGlobalSection
	GlobalSection(ExtensibilityGlobals) = postSolution
		SolutionGuid = {A7ACEBFA-B308-4476-A632-7DE78E7ED515}
	EndGlobalSection
EndGlobal
