
Microsoft Visual Studio Solution File, Format Version 12.00
# Visual Studio Version 16
VisualStudioVersion = 16.0.32228.343
MinimumVisualStudioVersion = 10.0.40219.1
Project("{FAE04EC0-301F-11D3-BF4B-00C04F79EFBC}") = "02. Armory", "02. Armory.csproj", "{359808F1-EAF1-4C95-BB0A-B445F14F76F4}"
EndProject
Global
	GlobalSection(SolutionConfigurationPlatforms) = preSolution
		Debug|Any CPU = Debug|Any CPU
		Release|Any CPU = Release|Any CPU
	EndGlobalSection
	GlobalSection(ProjectConfigurationPlatforms) = postSolution
		{359808F1-EAF1-4C95-BB0A-B445F14F76F4}.Debug|Any CPU.ActiveCfg = Debug|Any CPU
		{359808F1-EAF1-4C95-BB0A-B445F14F76F4}.Debug|Any CPU.Build.0 = Debug|Any CPU
		{359808F1-EAF1-4C95-BB0A-B445F14F76F4}.Release|Any CPU.ActiveCfg = Release|Any CPU
		{359808F1-EAF1-4C95-BB0A-B445F14F76F4}.Release|Any CPU.Build.0 = Release|Any CPU
	EndGlobalSection
	GlobalSection(SolutionProperties) = preSolution
		HideSolutionNode = FALSE
	EndGlobalSection
	GlobalSection(ExtensibilityGlobals) = postSolution
		SolutionGuid = {64B69EF8-1B8B-4004-9B56-D201052BCA0C}
	EndGlobalSection
EndGlobal
