
Microsoft Visual Studio Solution File, Format Version 12.00
# Visual Studio Version 16
VisualStudioVersion = 16.0.32228.343
MinimumVisualStudioVersion = 10.0.40219.1
Project("{FAE04EC0-301F-11D3-BF4B-00C04F79EFBC}") = "3. Maximal Sum", "3. Maximal Sum.csproj", "{8346B9A2-63C8-41B7-A0CC-119FB54F49A8}"
EndProject
Global
	GlobalSection(SolutionConfigurationPlatforms) = preSolution
		Debug|Any CPU = Debug|Any CPU
		Release|Any CPU = Release|Any CPU
	EndGlobalSection
	GlobalSection(ProjectConfigurationPlatforms) = postSolution
		{8346B9A2-63C8-41B7-A0CC-119FB54F49A8}.Debug|Any CPU.ActiveCfg = Debug|Any CPU
		{8346B9A2-63C8-41B7-A0CC-119FB54F49A8}.Debug|Any CPU.Build.0 = Debug|Any CPU
		{8346B9A2-63C8-41B7-A0CC-119FB54F49A8}.Release|Any CPU.ActiveCfg = Release|Any CPU
		{8346B9A2-63C8-41B7-A0CC-119FB54F49A8}.Release|Any CPU.Build.0 = Release|Any CPU
	EndGlobalSection
	GlobalSection(SolutionProperties) = preSolution
		HideSolutionNode = FALSE
	EndGlobalSection
	GlobalSection(ExtensibilityGlobals) = postSolution
		SolutionGuid = {36EF7685-C17E-4FAA-8E7D-7B82681D90A1}
	EndGlobalSection
EndGlobal
