
Microsoft Visual Studio Solution File, Format Version 12.00
# Visual Studio Version 16
VisualStudioVersion = 16.0.32228.343
MinimumVisualStudioVersion = 10.0.40219.1
Project("{9A19103F-16F7-4668-BE54-9A1E7A4F7556}") = "CarDealer", "CarDealer.csproj", "{0986FDB6-91AC-47FA-B20C-9990B3C7B896}"
EndProject
Global
	GlobalSection(SolutionConfigurationPlatforms) = preSolution
		Debug|Any CPU = Debug|Any CPU
		Release|Any CPU = Release|Any CPU
	EndGlobalSection
	GlobalSection(ProjectConfigurationPlatforms) = postSolution
		{0986FDB6-91AC-47FA-B20C-9990B3C7B896}.Debug|Any CPU.ActiveCfg = Debug|Any CPU
		{0986FDB6-91AC-47FA-B20C-9990B3C7B896}.Debug|Any CPU.Build.0 = Debug|Any CPU
		{0986FDB6-91AC-47FA-B20C-9990B3C7B896}.Release|Any CPU.ActiveCfg = Release|Any CPU
		{0986FDB6-91AC-47FA-B20C-9990B3C7B896}.Release|Any CPU.Build.0 = Release|Any CPU
	EndGlobalSection
	GlobalSection(SolutionProperties) = preSolution
		HideSolutionNode = FALSE
	EndGlobalSection
	GlobalSection(ExtensibilityGlobals) = postSolution
		SolutionGuid = {46ED4691-FA3C-4547-B5CE-84FE72F36D0D}
	EndGlobalSection
EndGlobal
