
Microsoft Visual Studio Solution File, Format Version 12.00
# Visual Studio Version 16
VisualStudioVersion = 16.0.32228.343
MinimumVisualStudioVersion = 10.0.40219.1
Project("{FAE04EC0-301F-11D3-BF4B-00C04F79EFBC}") = "02. A Miner Task", "02. A Miner Task.csproj", "{0640630E-9102-4A78-9CC0-959192ACFDBD}"
EndProject
Global
	GlobalSection(SolutionConfigurationPlatforms) = preSolution
		Debug|Any CPU = Debug|Any CPU
		Release|Any CPU = Release|Any CPU
	EndGlobalSection
	GlobalSection(ProjectConfigurationPlatforms) = postSolution
		{0640630E-9102-4A78-9CC0-959192ACFDBD}.Debug|Any CPU.ActiveCfg = Debug|Any CPU
		{0640630E-9102-4A78-9CC0-959192ACFDBD}.Debug|Any CPU.Build.0 = Debug|Any CPU
		{0640630E-9102-4A78-9CC0-959192ACFDBD}.Release|Any CPU.ActiveCfg = Release|Any CPU
		{0640630E-9102-4A78-9CC0-959192ACFDBD}.Release|Any CPU.Build.0 = Release|Any CPU
	EndGlobalSection
	GlobalSection(SolutionProperties) = preSolution
		HideSolutionNode = FALSE
	EndGlobalSection
	GlobalSection(ExtensibilityGlobals) = postSolution
		SolutionGuid = {CEF75C70-C18F-4225-839D-1B90C77765EC}
	EndGlobalSection
EndGlobal
