
Microsoft Visual Studio Solution File, Format Version 12.00
# Visual Studio Version 16
VisualStudioVersion = 16.0.32228.343
MinimumVisualStudioVersion = 10.0.40219.1
Project("{FAE04EC0-301F-11D3-BF4B-00C04F79EFBC}") = "06. Number in Range", "06. Number in Range.csproj", "{4DDB328A-AF8E-4F76-A889-E2651D81493E}"
EndProject
Global
	GlobalSection(SolutionConfigurationPlatforms) = preSolution
		Debug|Any CPU = Debug|Any CPU
		Release|Any CPU = Release|Any CPU
	EndGlobalSection
	GlobalSection(ProjectConfigurationPlatforms) = postSolution
		{4DDB328A-AF8E-4F76-A889-E2651D81493E}.Debug|Any CPU.ActiveCfg = Debug|Any CPU
		{4DDB328A-AF8E-4F76-A889-E2651D81493E}.Debug|Any CPU.Build.0 = Debug|Any CPU
		{4DDB328A-AF8E-4F76-A889-E2651D81493E}.Release|Any CPU.ActiveCfg = Release|Any CPU
		{4DDB328A-AF8E-4F76-A889-E2651D81493E}.Release|Any CPU.Build.0 = Release|Any CPU
	EndGlobalSection
	GlobalSection(SolutionProperties) = preSolution
		HideSolutionNode = FALSE
	EndGlobalSection
	GlobalSection(ExtensibilityGlobals) = postSolution
		SolutionGuid = {C6081D81-EDAA-4DA7-B84D-65C2C0D937AF}
	EndGlobalSection
EndGlobal
