
Microsoft Visual Studio Solution File, Format Version 12.00
# Visual Studio Version 16
VisualStudioVersion = 16.0.32228.343
MinimumVisualStudioVersion = 10.0.40219.1
Project("{FAE04EC0-301F-11D3-BF4B-00C04F79EFBC}") = "04. Centuries to Minutes", "04. Centuries to Minutes.csproj", "{AFEE37C7-B3BF-4F49-84A2-0FC0277DE409}"
EndProject
Global
	GlobalSection(SolutionConfigurationPlatforms) = preSolution
		Debug|Any CPU = Debug|Any CPU
		Release|Any CPU = Release|Any CPU
	EndGlobalSection
	GlobalSection(ProjectConfigurationPlatforms) = postSolution
		{AFEE37C7-B3BF-4F49-84A2-0FC0277DE409}.Debug|Any CPU.ActiveCfg = Debug|Any CPU
		{AFEE37C7-B3BF-4F49-84A2-0FC0277DE409}.Debug|Any CPU.Build.0 = Debug|Any CPU
		{AFEE37C7-B3BF-4F49-84A2-0FC0277DE409}.Release|Any CPU.ActiveCfg = Release|Any CPU
		{AFEE37C7-B3BF-4F49-84A2-0FC0277DE409}.Release|Any CPU.Build.0 = Release|Any CPU
	EndGlobalSection
	GlobalSection(SolutionProperties) = preSolution
		HideSolutionNode = FALSE
	EndGlobalSection
	GlobalSection(ExtensibilityGlobals) = postSolution
		SolutionGuid = {C19E333E-7030-4E48-9981-B10A84AB41BA}
	EndGlobalSection
EndGlobal
