
Microsoft Visual Studio Solution File, Format Version 12.00
# Visual Studio Version 16
VisualStudioVersion = 16.0.32228.343
MinimumVisualStudioVersion = 10.0.40219.1
Project("{FAE04EC0-301F-11D3-BF4B-00C04F79EFBC}") = "06. Wardrobe", "06. Wardrobe.csproj", "{757E719A-A096-472B-A7E7-01BD4E9C85CA}"
EndProject
Global
	GlobalSection(SolutionConfigurationPlatforms) = preSolution
		Debug|Any CPU = Debug|Any CPU
		Release|Any CPU = Release|Any CPU
	EndGlobalSection
	GlobalSection(ProjectConfigurationPlatforms) = postSolution
		{757E719A-A096-472B-A7E7-01BD4E9C85CA}.Debug|Any CPU.ActiveCfg = Debug|Any CPU
		{757E719A-A096-472B-A7E7-01BD4E9C85CA}.Debug|Any CPU.Build.0 = Debug|Any CPU
		{757E719A-A096-472B-A7E7-01BD4E9C85CA}.Release|Any CPU.ActiveCfg = Release|Any CPU
		{757E719A-A096-472B-A7E7-01BD4E9C85CA}.Release|Any CPU.Build.0 = Release|Any CPU
	EndGlobalSection
	GlobalSection(SolutionProperties) = preSolution
		HideSolutionNode = FALSE
	EndGlobalSection
	GlobalSection(ExtensibilityGlobals) = postSolution
		SolutionGuid = {28F8F7A3-02D4-43C0-A319-AD46197FCBC8}
	EndGlobalSection
EndGlobal
