
Microsoft Visual Studio Solution File, Format Version 12.00
# Visual Studio Version 16
VisualStudioVersion = 16.0.32228.343
MinimumVisualStudioVersion = 10.0.40219.1
Project("{FAE04EC0-301F-11D3-BF4B-00C04F79EFBC}") = "03. Periodic Table", "03. Periodic Table.csproj", "{4950C7F3-5C59-468C-88F6-34D21C691034}"
EndProject
Global
	GlobalSection(SolutionConfigurationPlatforms) = preSolution
		Debug|Any CPU = Debug|Any CPU
		Release|Any CPU = Release|Any CPU
	EndGlobalSection
	GlobalSection(ProjectConfigurationPlatforms) = postSolution
		{4950C7F3-5C59-468C-88F6-34D21C691034}.Debug|Any CPU.ActiveCfg = Debug|Any CPU
		{4950C7F3-5C59-468C-88F6-34D21C691034}.Debug|Any CPU.Build.0 = Debug|Any CPU
		{4950C7F3-5C59-468C-88F6-34D21C691034}.Release|Any CPU.ActiveCfg = Release|Any CPU
		{4950C7F3-5C59-468C-88F6-34D21C691034}.Release|Any CPU.Build.0 = Release|Any CPU
	EndGlobalSection
	GlobalSection(SolutionProperties) = preSolution
		HideSolutionNode = FALSE
	EndGlobalSection
	GlobalSection(ExtensibilityGlobals) = postSolution
		SolutionGuid = {7A890499-59A4-4580-9030-EDAC0F2992BC}
	EndGlobalSection
EndGlobal
