
Microsoft Visual Studio Solution File, Format Version 12.00
# Visual Studio Version 16
VisualStudioVersion = 16.0.32228.343
MinimumVisualStudioVersion = 10.0.40219.1
Project("{FAE04EC0-301F-11D3-BF4B-00C04F79EFBC}") = "05. Add and Subtract", "05. Add and Subtract.csproj", "{678A48AE-2248-45AC-9901-FC1B8B414C1D}"
EndProject
Global
	GlobalSection(SolutionConfigurationPlatforms) = preSolution
		Debug|Any CPU = Debug|Any CPU
		Release|Any CPU = Release|Any CPU
	EndGlobalSection
	GlobalSection(ProjectConfigurationPlatforms) = postSolution
		{678A48AE-2248-45AC-9901-FC1B8B414C1D}.Debug|Any CPU.ActiveCfg = Debug|Any CPU
		{678A48AE-2248-45AC-9901-FC1B8B414C1D}.Debug|Any CPU.Build.0 = Debug|Any CPU
		{678A48AE-2248-45AC-9901-FC1B8B414C1D}.Release|Any CPU.ActiveCfg = Release|Any CPU
		{678A48AE-2248-45AC-9901-FC1B8B414C1D}.Release|Any CPU.Build.0 = Release|Any CPU
	EndGlobalSection
	GlobalSection(SolutionProperties) = preSolution
		HideSolutionNode = FALSE
	EndGlobalSection
	GlobalSection(ExtensibilityGlobals) = postSolution
		SolutionGuid = {802084D3-A7B7-4D51-BFC1-6AF5F1C0C053}
	EndGlobalSection
EndGlobal
