
Microsoft Visual Studio Solution File, Format Version 12.00
# Visual Studio Version 16
VisualStudioVersion = 16.0.32228.343
MinimumVisualStudioVersion = 10.0.40219.1
Project("{9A19103F-16F7-4668-BE54-9A1E7A4F7556}") = "CarDealer", "CarDealer.csproj", "{C2D922F2-8C3E-4216-8744-D6BCA45B660D}"
EndProject
Global
	GlobalSection(SolutionConfigurationPlatforms) = preSolution
		Debug|Any CPU = Debug|Any CPU
		Release|Any CPU = Release|Any CPU
	EndGlobalSection
	GlobalSection(ProjectConfigurationPlatforms) = postSolution
		{C2D922F2-8C3E-4216-8744-D6BCA45B660D}.Debug|Any CPU.ActiveCfg = Debug|Any CPU
		{C2D922F2-8C3E-4216-8744-D6BCA45B660D}.Debug|Any CPU.Build.0 = Debug|Any CPU
		{C2D922F2-8C3E-4216-8744-D6BCA45B660D}.Release|Any CPU.ActiveCfg = Release|Any CPU
		{C2D922F2-8C3E-4216-8744-D6BCA45B660D}.Release|Any CPU.Build.0 = Release|Any CPU
	EndGlobalSection
	GlobalSection(SolutionProperties) = preSolution
		HideSolutionNode = FALSE
	EndGlobalSection
	GlobalSection(ExtensibilityGlobals) = postSolution
		SolutionGuid = {0E7EC52C-1FDF-402C-80A2-EEE88AB5FDC1}
	EndGlobalSection
EndGlobal
