
Microsoft Visual Studio Solution File, Format Version 12.00
# Visual Studio Version 16
VisualStudioVersion = 16.0.32228.343
MinimumVisualStudioVersion = 10.0.40219.1
Project("{FAE04EC0-301F-11D3-BF4B-00C04F79EFBC}") = "07. Order by Age", "07. Order by Age.csproj", "{887C9486-153A-4DEE-B951-993B4856B26C}"
EndProject
Global
	GlobalSection(SolutionConfigurationPlatforms) = preSolution
		Debug|Any CPU = Debug|Any CPU
		Release|Any CPU = Release|Any CPU
	EndGlobalSection
	GlobalSection(ProjectConfigurationPlatforms) = postSolution
		{887C9486-153A-4DEE-B951-993B4856B26C}.Debug|Any CPU.ActiveCfg = Debug|Any CPU
		{887C9486-153A-4DEE-B951-993B4856B26C}.Debug|Any CPU.Build.0 = Debug|Any CPU
		{887C9486-153A-4DEE-B951-993B4856B26C}.Release|Any CPU.ActiveCfg = Release|Any CPU
		{887C9486-153A-4DEE-B951-993B4856B26C}.Release|Any CPU.Build.0 = Release|Any CPU
	EndGlobalSection
	GlobalSection(SolutionProperties) = preSolution
		HideSolutionNode = FALSE
	EndGlobalSection
	GlobalSection(ExtensibilityGlobals) = postSolution
		SolutionGuid = {1762392C-42FF-42AF-8B06-C963A35173FE}
	EndGlobalSection
EndGlobal
