
Microsoft Visual Studio Solution File, Format Version 12.00
# Visual Studio Version 16
VisualStudioVersion = 16.0.32228.343
MinimumVisualStudioVersion = 10.0.40219.1
Project("{FAE04EC0-301F-11D3-BF4B-00C04F79EFBC}") = "06. Cards Game", "06. Cards Game.csproj", "{6AE0AED2-D15D-4727-A88A-0AFDC4EB47D7}"
EndProject
Global
	GlobalSection(SolutionConfigurationPlatforms) = preSolution
		Debug|Any CPU = Debug|Any CPU
		Release|Any CPU = Release|Any CPU
	EndGlobalSection
	GlobalSection(ProjectConfigurationPlatforms) = postSolution
		{6AE0AED2-D15D-4727-A88A-0AFDC4EB47D7}.Debug|Any CPU.ActiveCfg = Debug|Any CPU
		{6AE0AED2-D15D-4727-A88A-0AFDC4EB47D7}.Debug|Any CPU.Build.0 = Debug|Any CPU
		{6AE0AED2-D15D-4727-A88A-0AFDC4EB47D7}.Release|Any CPU.ActiveCfg = Release|Any CPU
		{6AE0AED2-D15D-4727-A88A-0AFDC4EB47D7}.Release|Any CPU.Build.0 = Release|Any CPU
	EndGlobalSection
	GlobalSection(SolutionProperties) = preSolution
		HideSolutionNode = FALSE
	EndGlobalSection
	GlobalSection(ExtensibilityGlobals) = postSolution
		SolutionGuid = {BC7C189B-285A-4013-A82E-030CA9879DC1}
	EndGlobalSection
EndGlobal
