
Microsoft Visual Studio Solution File, Format Version 12.00
# Visual Studio Version 16
VisualStudioVersion = 16.0.32228.343
MinimumVisualStudioVersion = 10.0.40219.1
Project("{FAE04EC0-301F-11D3-BF4B-00C04F79EFBC}") = "10. Multiply Evens by Odds", "10. Multiply Evens by Odds.csproj", "{86364ABB-CC0F-4126-9423-4129C28F21CF}"
EndProject
Global
	GlobalSection(SolutionConfigurationPlatforms) = preSolution
		Debug|Any CPU = Debug|Any CPU
		Release|Any CPU = Release|Any CPU
	EndGlobalSection
	GlobalSection(ProjectConfigurationPlatforms) = postSolution
		{86364ABB-CC0F-4126-9423-4129C28F21CF}.Debug|Any CPU.ActiveCfg = Debug|Any CPU
		{86364ABB-CC0F-4126-9423-4129C28F21CF}.Debug|Any CPU.Build.0 = Debug|Any CPU
		{86364ABB-CC0F-4126-9423-4129C28F21CF}.Release|Any CPU.ActiveCfg = Release|Any CPU
		{86364ABB-CC0F-4126-9423-4129C28F21CF}.Release|Any CPU.Build.0 = Release|Any CPU
	EndGlobalSection
	GlobalSection(SolutionProperties) = preSolution
		HideSolutionNode = FALSE
	EndGlobalSection
	GlobalSection(ExtensibilityGlobals) = postSolution
		SolutionGuid = {6B2CD756-2927-4AF0-BBC7-2EA9A694655A}
	EndGlobalSection
EndGlobal
