
Microsoft Visual Studio Solution File, Format Version 12.00
# Visual Studio Version 16
VisualStudioVersion = 16.0.32228.343
MinimumVisualStudioVersion = 10.0.40219.1
Project("{FAE04EC0-301F-11D3-BF4B-00C04F79EFBC}") = "09. Palindrome Integers", "09. Palindrome Integers.csproj", "{168ADCF3-8EC9-43FE-A74E-38C413B6679E}"
EndProject
Global
	GlobalSection(SolutionConfigurationPlatforms) = preSolution
		Debug|Any CPU = Debug|Any CPU
		Release|Any CPU = Release|Any CPU
	EndGlobalSection
	GlobalSection(ProjectConfigurationPlatforms) = postSolution
		{168ADCF3-8EC9-43FE-A74E-38C413B6679E}.Debug|Any CPU.ActiveCfg = Debug|Any CPU
		{168ADCF3-8EC9-43FE-A74E-38C413B6679E}.Debug|Any CPU.Build.0 = Debug|Any CPU
		{168ADCF3-8EC9-43FE-A74E-38C413B6679E}.Release|Any CPU.ActiveCfg = Release|Any CPU
		{168ADCF3-8EC9-43FE-A74E-38C413B6679E}.Release|Any CPU.Build.0 = Release|Any CPU
	EndGlobalSection
	GlobalSection(SolutionProperties) = preSolution
		HideSolutionNode = FALSE
	EndGlobalSection
	GlobalSection(ExtensibilityGlobals) = postSolution
		SolutionGuid = {6E7542AE-0C6F-44E8-8307-CF6610A81EAD}
	EndGlobalSection
EndGlobal
