
Microsoft Visual Studio Solution File, Format Version 12.00
# Visual Studio Version 16
VisualStudioVersion = 16.0.32228.343
MinimumVisualStudioVersion = 10.0.40219.1
Project("{9A19103F-16F7-4668-BE54-9A1E7A4F7556}") = "CarDealer", "CarDealer.csproj", "{0D3D857E-D652-46A4-9807-06851A50DB3B}"
EndProject
Global
	GlobalSection(SolutionConfigurationPlatforms) = preSolution
		Debug|Any CPU = Debug|Any CPU
		Release|Any CPU = Release|Any CPU
	EndGlobalSection
	GlobalSection(ProjectConfigurationPlatforms) = postSolution
		{0D3D857E-D652-46A4-9807-06851A50DB3B}.Debug|Any CPU.ActiveCfg = Debug|Any CPU
		{0D3D857E-D652-46A4-9807-06851A50DB3B}.Debug|Any CPU.Build.0 = Debug|Any CPU
		{0D3D857E-D652-46A4-9807-06851A50DB3B}.Release|Any CPU.ActiveCfg = Release|Any CPU
		{0D3D857E-D652-46A4-9807-06851A50DB3B}.Release|Any CPU.Build.0 = Release|Any CPU
	EndGlobalSection
	GlobalSection(SolutionProperties) = preSolution
		HideSolutionNode = FALSE
	EndGlobalSection
	GlobalSection(ExtensibilityGlobals) = postSolution
		SolutionGuid = {5382E6FE-D5CB-4058-8ADD-0E5BC289A967}
	EndGlobalSection
EndGlobal
