
Microsoft Visual Studio Solution File, Format Version 12.00
# Visual Studio Version 16
VisualStudioVersion = 16.0.32228.343
MinimumVisualStudioVersion = 10.0.40219.1
Project("{FAE04EC0-301F-11D3-BF4B-00C04F79EFBC}") = "06. Charity Campaign", "06. Charity Campaign.csproj", "{D932A21B-4C50-4F62-98CA-DF5BDA1A6350}"
EndProject
Global
	GlobalSection(SolutionConfigurationPlatforms) = preSolution
		Debug|Any CPU = Debug|Any CPU
		Release|Any CPU = Release|Any CPU
	EndGlobalSection
	GlobalSection(ProjectConfigurationPlatforms) = postSolution
		{D932A21B-4C50-4F62-98CA-DF5BDA1A6350}.Debug|Any CPU.ActiveCfg = Debug|Any CPU
		{D932A21B-4C50-4F62-98CA-DF5BDA1A6350}.Debug|Any CPU.Build.0 = Debug|Any CPU
		{D932A21B-4C50-4F62-98CA-DF5BDA1A6350}.Release|Any CPU.ActiveCfg = Release|Any CPU
		{D932A21B-4C50-4F62-98CA-DF5BDA1A6350}.Release|Any CPU.Build.0 = Release|Any CPU
	EndGlobalSection
	GlobalSection(SolutionProperties) = preSolution
		HideSolutionNode = FALSE
	EndGlobalSection
	GlobalSection(ExtensibilityGlobals) = postSolution
		SolutionGuid = {41337C7B-A3D9-4EB7-B9AA-8B891AF5E77E}
	EndGlobalSection
EndGlobal
