
Microsoft Visual Studio Solution File, Format Version 12.00
# Visual Studio Version 16
VisualStudioVersion = 16.0.31729.503
MinimumVisualStudioVersion = 10.0.40219.1
Project("{FAE04EC0-301F-11D3-BF4B-00C04F79EFBC}") = "PersonsInfo", "PersonsInfo.csproj", "{D4F27B32-B6DB-49C0-BEE8-1501662EF0C0}"
EndProject
Global
	GlobalSection(SolutionConfigurationPlatforms) = preSolution
		Debug|Any CPU = Debug|Any CPU
		Release|Any CPU = Release|Any CPU
	EndGlobalSection
	GlobalSection(ProjectConfigurationPlatforms) = postSolution
		{D4F27B32-B6DB-49C0-BEE8-1501662EF0C0}.Debug|Any CPU.ActiveCfg = Debug|Any CPU
		{D4F27B32-B6DB-49C0-BEE8-1501662EF0C0}.Debug|Any CPU.Build.0 = Debug|Any CPU
		{D4F27B32-B6DB-49C0-BEE8-1501662EF0C0}.Release|Any CPU.ActiveCfg = Release|Any CPU
		{D4F27B32-B6DB-49C0-BEE8-1501662EF0C0}.Release|Any CPU.Build.0 = Release|Any CPU
	EndGlobalSection
	GlobalSection(SolutionProperties) = preSolution
		HideSolutionNode = FALSE
	EndGlobalSection
	GlobalSection(ExtensibilityGlobals) = postSolution
		SolutionGuid = {F39ADB8C-6368-4252-B402-7A6E73C8A156}
	EndGlobalSection
EndGlobal
