
Microsoft Visual Studio Solution File, Format Version 12.00
# Visual Studio Version 16
VisualStudioVersion = 16.0.32228.343
MinimumVisualStudioVersion = 10.0.40219.1
Project("{FAE04EC0-301F-11D3-BF4B-00C04F79EFBC}") = "03. Street Racing", "03. Street Racing.csproj", "{9239485A-D175-42F1-9B0F-028B7370365C}"
EndProject
Global
	GlobalSection(SolutionConfigurationPlatforms) = preSolution
		Debug|Any CPU = Debug|Any CPU
		Release|Any CPU = Release|Any CPU
	EndGlobalSection
	GlobalSection(ProjectConfigurationPlatforms) = postSolution
		{9239485A-D175-42F1-9B0F-028B7370365C}.Debug|Any CPU.ActiveCfg = Debug|Any CPU
		{9239485A-D175-42F1-9B0F-028B7370365C}.Debug|Any CPU.Build.0 = Debug|Any CPU
		{9239485A-D175-42F1-9B0F-028B7370365C}.Release|Any CPU.ActiveCfg = Release|Any CPU
		{9239485A-D175-42F1-9B0F-028B7370365C}.Release|Any CPU.Build.0 = Release|Any CPU
	EndGlobalSection
	GlobalSection(SolutionProperties) = preSolution
		HideSolutionNode = FALSE
	EndGlobalSection
	GlobalSection(ExtensibilityGlobals) = postSolution
		SolutionGuid = {D095B6FF-5809-488F-9657-8837AAB956E3}
	EndGlobalSection
EndGlobal
