
Microsoft Visual Studio Solution File, Format Version 12.00
# Visual Studio Version 16
VisualStudioVersion = 16.0.32228.343
MinimumVisualStudioVersion = 10.0.40219.1
Project("{FAE04EC0-301F-11D3-BF4B-00C04F79EFBC}") = "08. Anonymous Threat", "08. Anonymous Threat.csproj", "{FEC414BC-1A01-4698-922F-4CB5BEE99C8D}"
EndProject
Global
	GlobalSection(SolutionConfigurationPlatforms) = preSolution
		Debug|Any CPU = Debug|Any CPU
		Release|Any CPU = Release|Any CPU
	EndGlobalSection
	GlobalSection(ProjectConfigurationPlatforms) = postSolution
		{FEC414BC-1A01-4698-922F-4CB5BEE99C8D}.Debug|Any CPU.ActiveCfg = Debug|Any CPU
		{FEC414BC-1A01-4698-922F-4CB5BEE99C8D}.Debug|Any CPU.Build.0 = Debug|Any CPU
		{FEC414BC-1A01-4698-922F-4CB5BEE99C8D}.Release|Any CPU.ActiveCfg = Release|Any CPU
		{FEC414BC-1A01-4698-922F-4CB5BEE99C8D}.Release|Any CPU.Build.0 = Release|Any CPU
	EndGlobalSection
	GlobalSection(SolutionProperties) = preSolution
		HideSolutionNode = FALSE
	EndGlobalSection
	GlobalSection(ExtensibilityGlobals) = postSolution
		SolutionGuid = {0A8301DC-3DEB-40AF-B061-29F1BCA19F0F}
	EndGlobalSection
EndGlobal
