
Microsoft Visual Studio Solution File, Format Version 12.00
# Visual Studio Version 16
VisualStudioVersion = 16.0.32228.343
MinimumVisualStudioVersion = 10.0.40219.1
Project("{9A19103F-16F7-4668-BE54-9A1E7A4F7556}") = "CarDealer", "CarDealer.csproj", "{711DAC35-938C-454C-A730-F963AD8EC79C}"
EndProject
Global
	GlobalSection(SolutionConfigurationPlatforms) = preSolution
		Debug|Any CPU = Debug|Any CPU
		Release|Any CPU = Release|Any CPU
	EndGlobalSection
	GlobalSection(ProjectConfigurationPlatforms) = postSolution
		{711DAC35-938C-454C-A730-F963AD8EC79C}.Debug|Any CPU.ActiveCfg = Debug|Any CPU
		{711DAC35-938C-454C-A730-F963AD8EC79C}.Debug|Any CPU.Build.0 = Debug|Any CPU
		{711DAC35-938C-454C-A730-F963AD8EC79C}.Release|Any CPU.ActiveCfg = Release|Any CPU
		{711DAC35-938C-454C-A730-F963AD8EC79C}.Release|Any CPU.Build.0 = Release|Any CPU
	EndGlobalSection
	GlobalSection(SolutionProperties) = preSolution
		HideSolutionNode = FALSE
	EndGlobalSection
	GlobalSection(ExtensibilityGlobals) = postSolution
		SolutionGuid = {CDC16A6B-6C4A-40CA-AF95-F7DF393644F3}
	EndGlobalSection
EndGlobal
