
Microsoft Visual Studio Solution File, Format Version 12.00
# Visual Studio Version 16
VisualStudioVersion = 16.0.32228.343
MinimumVisualStudioVersion = 10.0.40219.1
Project("{FAE04EC0-301F-11D3-BF4B-00C04F79EFBC}") = "04. Product Shop", "04. Product Shop.csproj", "{9A54DC29-44C9-4CC8-9934-8285EBF23039}"
EndProject
Global
	GlobalSection(SolutionConfigurationPlatforms) = preSolution
		Debug|Any CPU = Debug|Any CPU
		Release|Any CPU = Release|Any CPU
	EndGlobalSection
	GlobalSection(ProjectConfigurationPlatforms) = postSolution
		{9A54DC29-44C9-4CC8-9934-8285EBF23039}.Debug|Any CPU.ActiveCfg = Debug|Any CPU
		{9A54DC29-44C9-4CC8-9934-8285EBF23039}.Debug|Any CPU.Build.0 = Debug|Any CPU
		{9A54DC29-44C9-4CC8-9934-8285EBF23039}.Release|Any CPU.ActiveCfg = Release|Any CPU
		{9A54DC29-44C9-4CC8-9934-8285EBF23039}.Release|Any CPU.Build.0 = Release|Any CPU
	EndGlobalSection
	GlobalSection(SolutionProperties) = preSolution
		HideSolutionNode = FALSE
	EndGlobalSection
	GlobalSection(ExtensibilityGlobals) = postSolution
		SolutionGuid = {459F2D07-5221-4611-AB78-7222F5A0FF4F}
	EndGlobalSection
EndGlobal
