
Microsoft Visual Studio Solution File, Format Version 12.00
# Visual Studio Version 16
VisualStudioVersion = 16.0.32228.343
MinimumVisualStudioVersion = 10.0.40219.1
Project("{FAE04EC0-301F-11D3-BF4B-00C04F79EFBC}") = "03. Zig-Zag Arrays", "03. Zig-Zag Arrays.csproj", "{24623616-231D-463D-B4C2-ABC130126BF3}"
EndProject
Global
	GlobalSection(SolutionConfigurationPlatforms) = preSolution
		Debug|Any CPU = Debug|Any CPU
		Release|Any CPU = Release|Any CPU
	EndGlobalSection
	GlobalSection(ProjectConfigurationPlatforms) = postSolution
		{24623616-231D-463D-B4C2-ABC130126BF3}.Debug|Any CPU.ActiveCfg = Debug|Any CPU
		{24623616-231D-463D-B4C2-ABC130126BF3}.Debug|Any CPU.Build.0 = Debug|Any CPU
		{24623616-231D-463D-B4C2-ABC130126BF3}.Release|Any CPU.ActiveCfg = Release|Any CPU
		{24623616-231D-463D-B4C2-ABC130126BF3}.Release|Any CPU.Build.0 = Release|Any CPU
	EndGlobalSection
	GlobalSection(SolutionProperties) = preSolution
		HideSolutionNode = FALSE
	EndGlobalSection
	GlobalSection(ExtensibilityGlobals) = postSolution
		SolutionGuid = {10FC2C16-3096-4C7A-8945-E10E41AC06A2}
	EndGlobalSection
EndGlobal
