
Microsoft Visual Studio Solution File, Format Version 12.00
# Visual Studio Version 16
VisualStudioVersion = 16.0.32228.343
MinimumVisualStudioVersion = 10.0.40219.1
Project("{FAE04EC0-301F-11D3-BF4B-00C04F79EFBC}") = "06. Equal Sum", "06. Equal Sum.csproj", "{2DABFD67-BB00-470D-AD12-2D1DB8B53826}"
EndProject
Global
	GlobalSection(SolutionConfigurationPlatforms) = preSolution
		Debug|Any CPU = Debug|Any CPU
		Release|Any CPU = Release|Any CPU
	EndGlobalSection
	GlobalSection(ProjectConfigurationPlatforms) = postSolution
		{2DABFD67-BB00-470D-AD12-2D1DB8B53826}.Debug|Any CPU.ActiveCfg = Debug|Any CPU
		{2DABFD67-BB00-470D-AD12-2D1DB8B53826}.Debug|Any CPU.Build.0 = Debug|Any CPU
		{2DABFD67-BB00-470D-AD12-2D1DB8B53826}.Release|Any CPU.ActiveCfg = Release|Any CPU
		{2DABFD67-BB00-470D-AD12-2D1DB8B53826}.Release|Any CPU.Build.0 = Release|Any CPU
	EndGlobalSection
	GlobalSection(SolutionProperties) = preSolution
		HideSolutionNode = FALSE
	EndGlobalSection
	GlobalSection(ExtensibilityGlobals) = postSolution
		SolutionGuid = {08574A54-F9B2-4245-8618-535256893054}
	EndGlobalSection
EndGlobal
