
Microsoft Visual Studio Solution File, Format Version 12.00
# Visual Studio Version 16
VisualStudioVersion = 16.0.32228.343
MinimumVisualStudioVersion = 10.0.40219.1
Project("{FAE04EC0-301F-11D3-BF4B-00C04F79EFBC}") = "7. Pascal Triangle", "7. Pascal Triangle.csproj", "{A6372D34-757B-4557-BD42-82CAA4275966}"
EndProject
Global
	GlobalSection(SolutionConfigurationPlatforms) = preSolution
		Debug|Any CPU = Debug|Any CPU
		Release|Any CPU = Release|Any CPU
	EndGlobalSection
	GlobalSection(ProjectConfigurationPlatforms) = postSolution
		{A6372D34-757B-4557-BD42-82CAA4275966}.Debug|Any CPU.ActiveCfg = Debug|Any CPU
		{A6372D34-757B-4557-BD42-82CAA4275966}.Debug|Any CPU.Build.0 = Debug|Any CPU
		{A6372D34-757B-4557-BD42-82CAA4275966}.Release|Any CPU.ActiveCfg = Release|Any CPU
		{A6372D34-757B-4557-BD42-82CAA4275966}.Release|Any CPU.Build.0 = Release|Any CPU
	EndGlobalSection
	GlobalSection(SolutionProperties) = preSolution
		HideSolutionNode = FALSE
	EndGlobalSection
	GlobalSection(ExtensibilityGlobals) = postSolution
		SolutionGuid = {C0158B90-C87A-41D5-9BA9-4F2B3EC13302}
	EndGlobalSection
EndGlobal
