
Microsoft Visual Studio Solution File, Format Version 12.00
# Visual Studio Version 16
VisualStudioVersion = 16.0.32228.343
MinimumVisualStudioVersion = 10.0.40219.1
Project("{FAE04EC0-301F-11D3-BF4B-00C04F79EFBC}") = "08. Divisible by 3", "08. Divisible by 3.csproj", "{421FB0EE-ED82-4700-9C0D-622593C83A7E}"
EndProject
Global
	GlobalSection(SolutionConfigurationPlatforms) = preSolution
		Debug|Any CPU = Debug|Any CPU
		Release|Any CPU = Release|Any CPU
	EndGlobalSection
	GlobalSection(ProjectConfigurationPlatforms) = postSolution
		{421FB0EE-ED82-4700-9C0D-622593C83A7E}.Debug|Any CPU.ActiveCfg = Debug|Any CPU
		{421FB0EE-ED82-4700-9C0D-622593C83A7E}.Debug|Any CPU.Build.0 = Debug|Any CPU
		{421FB0EE-ED82-4700-9C0D-622593C83A7E}.Release|Any CPU.ActiveCfg = Release|Any CPU
		{421FB0EE-ED82-4700-9C0D-622593C83A7E}.Release|Any CPU.Build.0 = Release|Any CPU
	EndGlobalSection
	GlobalSection(SolutionProperties) = preSolution
		HideSolutionNode = FALSE
	EndGlobalSection
	GlobalSection(ExtensibilityGlobals) = postSolution
		SolutionGuid = {D99DEABF-5062-40CE-81D6-17E4999B03C3}
	EndGlobalSection
EndGlobal
