
Microsoft Visual Studio Solution File, Format Version 12.00
# Visual Studio Version 16
VisualStudioVersion = 16.0.32228.343
MinimumVisualStudioVersion = 10.0.40219.1
Project("{FAE04EC0-301F-11D3-BF4B-00C04F79EFBC}") = "04. Personal Titles", "04. Personal Titles.csproj", "{26A9EDEE-C007-47BF-8937-27D204122D28}"
EndProject
Global
	GlobalSection(SolutionConfigurationPlatforms) = preSolution
		Debug|Any CPU = Debug|Any CPU
		Release|Any CPU = Release|Any CPU
	EndGlobalSection
	GlobalSection(ProjectConfigurationPlatforms) = postSolution
		{26A9EDEE-C007-47BF-8937-27D204122D28}.Debug|Any CPU.ActiveCfg = Debug|Any CPU
		{26A9EDEE-C007-47BF-8937-27D204122D28}.Debug|Any CPU.Build.0 = Debug|Any CPU
		{26A9EDEE-C007-47BF-8937-27D204122D28}.Release|Any CPU.ActiveCfg = Release|Any CPU
		{26A9EDEE-C007-47BF-8937-27D204122D28}.Release|Any CPU.Build.0 = Release|Any CPU
	EndGlobalSection
	GlobalSection(SolutionProperties) = preSolution
		HideSolutionNode = FALSE
	EndGlobalSection
	GlobalSection(ExtensibilityGlobals) = postSolution
		SolutionGuid = {E2360ABC-C353-409E-B8FC-F66C09751AD9}
	EndGlobalSection
EndGlobal
