
Microsoft Visual Studio Solution File, Format Version 12.00
# Visual Studio Version 16
VisualStudioVersion = 16.0.32228.343
MinimumVisualStudioVersion = 10.0.40219.1
Project("{9A19103F-16F7-4668-BE54-9A1E7A4F7556}") = "CarDealer", "CarDealer.csproj", "{3AA3D8F7-6A38-42F3-A593-215DA32C6FB6}"
EndProject
Global
	GlobalSection(SolutionConfigurationPlatforms) = preSolution
		Debug|Any CPU = Debug|Any CPU
		Release|Any CPU = Release|Any CPU
	EndGlobalSection
	GlobalSection(ProjectConfigurationPlatforms) = postSolution
		{3AA3D8F7-6A38-42F3-A593-215DA32C6FB6}.Debug|Any CPU.ActiveCfg = Debug|Any CPU
		{3AA3D8F7-6A38-42F3-A593-215DA32C6FB6}.Debug|Any CPU.Build.0 = Debug|Any CPU
		{3AA3D8F7-6A38-42F3-A593-215DA32C6FB6}.Release|Any CPU.ActiveCfg = Release|Any CPU
		{3AA3D8F7-6A38-42F3-A593-215DA32C6FB6}.Release|Any CPU.Build.0 = Release|Any CPU
	EndGlobalSection
	GlobalSection(SolutionProperties) = preSolution
		HideSolutionNode = FALSE
	EndGlobalSection
	GlobalSection(ExtensibilityGlobals) = postSolution
		SolutionGuid = {AECF6900-672B-44F8-9BB8-0FF8643EB2C3}
	EndGlobalSection
EndGlobal
