
Microsoft Visual Studio Solution File, Format Version 12.00
# Visual Studio Version 16
VisualStudioVersion = 16.0.32228.343
MinimumVisualStudioVersion = 10.0.40219.1
Project("{FAE04EC0-301F-11D3-BF4B-00C04F79EFBC}") = "2. Stack Sum", "2. Stack Sum.csproj", "{EB4F8116-C36F-4CCD-B8C5-CF3E6B5BE897}"
EndProject
Global
	GlobalSection(SolutionConfigurationPlatforms) = preSolution
		Debug|Any CPU = Debug|Any CPU
		Release|Any CPU = Release|Any CPU
	EndGlobalSection
	GlobalSection(ProjectConfigurationPlatforms) = postSolution
		{EB4F8116-C36F-4CCD-B8C5-CF3E6B5BE897}.Debug|Any CPU.ActiveCfg = Debug|Any CPU
		{EB4F8116-C36F-4CCD-B8C5-CF3E6B5BE897}.Debug|Any CPU.Build.0 = Debug|Any CPU
		{EB4F8116-C36F-4CCD-B8C5-CF3E6B5BE897}.Release|Any CPU.ActiveCfg = Release|Any CPU
		{EB4F8116-C36F-4CCD-B8C5-CF3E6B5BE897}.Release|Any CPU.Build.0 = Release|Any CPU
	EndGlobalSection
	GlobalSection(SolutionProperties) = preSolution
		HideSolutionNode = FALSE
	EndGlobalSection
	GlobalSection(ExtensibilityGlobals) = postSolution
		SolutionGuid = {97780AC3-D224-419A-868F-B229DD1F76EC}
	EndGlobalSection
EndGlobal
